PODS:
  - GoogleMaps (8.1.0):
    - GoogleMaps/Maps (= 8.1.0)
  - GoogleMaps/Base (8.1.0)
  - GoogleMaps/Maps (8.1.0):
    - GoogleMaps/Base
  - IQKeyboardManagerSwift (6.5.12)
  - MBProgressHUD (1.2.0)
  - ReadMoreTextView (3.0.1)
  - SideMenu (6.5.0)
  - SwiftyStarRatingView (1.0.4)
  - TextFieldEffects (1.6.0)

DEPENDENCIES:
  - GoogleMaps (~> 8.1)
  - IQKeyboardManagerSwift
  - MBProgressHUD (~> 1.2.0)
  - ReadMoreTextView (~> 3.0)
  - SideMenu (~> 6.5)
  - SwiftyStarRatingView (~> 1.0)
  - TextFieldEffects (~> 1.6)

SPEC REPOS:
  trunk:
    - GoogleMaps
    - IQKeyboardManagerSwift
    - MBProgressHUD
    - ReadMoreTextView
    - SideMenu
    - SwiftyStarRatingView
    - TextFieldEffects

SPEC CHECKSUMS:
  GoogleMaps: 97300a4b89a3641563782c52228c4530f5fe0d89
  IQKeyboardManagerSwift: 371b08cb39664fb56030f5345c815a4ffc74bbc0
  MBProgressHUD: 3ee5efcc380f6a79a7cc9b363dd669c5e1ae7406
  ReadMoreTextView: 19147adf93abce6d7271e14031a00303fe28720d
  SideMenu: f583187d21c5b1dd04c72002be544b555a2627a2
  SwiftyStarRatingView: a2b0057700e0adeb8e7442c55d99cb53b531d2f4
  TextFieldEffects: 529b8aff706fb40f82c41c780c0777941a893796

PODFILE CHECKSUM: e40d7feae110a190525b5b2521e7c50cedb175b1

COCOAPODS: 1.12.1
